# This file is autogenerated, do not edit; changes may be undone by the next 'dep ensure'.


[[projects]]
  digest = "1:9f3b30d9f8e0d7040f729b82dcbc8f0dead820a133b3147ce355fc451f32d761"
  name = "github.com/BurntSushi/toml"
  packages = ["."]
  pruneopts = "UT"
  revision = "3012a1dbe2e4bd1391d42b32f0577cb7bbc7f005"
  version = "v0.3.1"

[[projects]]
  branch = "master"
  digest = "1:e2a1ff1174d564ed4b75a62757f4a9081ed3b8c99ed17e47eb252b048b4ff018"
  name = "github.com/asaskevich/EventBus"
  packages = ["."]
  pruneopts = "UT"
  revision = "d46933a94f05c6657d7b923fcf5ac563ee37ec79"

[[projects]]
  branch = "forceColors"
  digest = "1:9fad82b0e74b152a10be0b7b997b7182d07ef62e023305e06bce62dce88a862b"
  name = "github.com/azer/logger"
  packages = ["."]
  pruneopts = "UT"
  revision = "7bb3a84c2e07337811920a8fdb7bb318b54a5155"
  source = "github.com/bitspill/logger"

[[projects]]
  branch = "master"
  digest = "1:3c5ed82b87361f21e84ea760cb09a6bff1a067e941294d6c6f6bd87fe69f5ceb"
  name = "github.com/bitspill/flod"
  packages = [
    "chaincfg",
    "chaincfg/chainhash",
    "floec",
    "flojson",
    "rpcclient",
    "wire",
  ]
  pruneopts = "UT"
  revision = "08b07d9c678a417ebd1cc323c8cfc0753aa469ec"

[[projects]]
  branch = "master"
  digest = "1:ed524695233e0f72ed8b120efc28799c5c74f33003b026ee067074f8c07cf80f"
  name = "github.com/bitspill/flosig"
  packages = ["."]
  pruneopts = "UT"
  revision = "c22315ab53aabfc133c842ff96a8609d1d688e37"

[[projects]]
  branch = "master"
  digest = "1:dd13670df2d9147341e4accd1c3d050c402cd93fa807c2d1bda47fe5a3072ec1"
  name = "github.com/bitspill/floutil"
  packages = [
    ".",
    "base58",
    "bech32",
  ]
  pruneopts = "UT"
  revision = "986e42f96cdbe75a773f74a4c98d52dfdaea36a6"

[[projects]]
  branch = "master"
  digest = "1:bbf45cb28f51a7bc6952ff8c8bdd53bcc846ec5d6dedfc82e4d88321fe594741"
  name = "github.com/bitspill/oipProto"
  packages = ["go/oipProto"]
  pruneopts = "UT"
  revision = "22eac4ea65fcdcc88adbf3a15998479d8440d5d9"

[[projects]]
  branch = "master"
  digest = "1:30d4a548e09bca4a0c77317c58e7407e2a65c15325e944f9c08a7b7992f8a59e"
  name = "github.com/btcsuite/btclog"
  packages = ["."]
  pruneopts = "UT"
  revision = "84c8d2346e9fc8c7b947e243b9c24e6df9fd206a"

[[projects]]
  branch = "master"
  digest = "1:1e6b2f7aa98b082c30a1303c29a702c369b2ec6d86b74a599bc8bbe2333db299"
  name = "github.com/btcsuite/go-socks"
  packages = ["socks"]
  pruneopts = "UT"
  revision = "4720035b7bfd2a9bb130b1c184f8bbe41b6f0d0f"

[[projects]]
  branch = "master"
  digest = "1:0b2242fd2f4f51fb491e97e204464f75da680897a0db10ec7554c87b71b5afc3"
  name = "github.com/btcsuite/websocket"
  packages = ["."]
  pruneopts = "UT"
  revision = "31079b6807923eb23992c421b114992b95131b55"

[[projects]]
  branch = "master"
  digest = "1:643fe12757fc28604199954aa88738b60c4beacbdfefa4a3aa943e8383ffbcc1"
  name = "github.com/cloudflare/backoff"
  packages = ["."]
  pruneopts = "UT"
  revision = "647f3cdfc87a18586e279c97afd6526d01b0d063"

[[projects]]
  digest = "1:ffe9824d294da03b391f44e1ae8281281b4afc1bdaa9588c9097785e3af10cec"
  name = "github.com/davecgh/go-spew"
  packages = ["spew"]
  pruneopts = "UT"
  revision = "8991bc29aa16c548c550c7ff78260e27b9ab7c73"
  version = "v1.1.1"

[[projects]]
  digest = "1:6f9339c912bbdda81302633ad7e99a28dfa5a639c864061f1929510a9a64aa74"
  name = "github.com/dustin/go-humanize"
  packages = ["."]
  pruneopts = "UT"
  revision = "9f541cc9db5d55bce703bd99987c9d5cb8eea45e"
  version = "v1.0.0"

[[projects]]
  digest = "1:abeb38ade3f32a92943e5be54f55ed6d6e3b6602761d74b4aab4c9dd45c18abd"
  name = "github.com/fsnotify/fsnotify"
  packages = ["."]
  pruneopts = "UT"
  revision = "c2828203cd70a50dcccfb2761f8b1f8ceef9a8e9"
  version = "v1.4.7"

[[projects]]
  digest = "1:0d91e7aaac0dd9a4112a5f8cc107330dd88b03c42e65d519645ae9873e6e8ffb"
  name = "github.com/gobuffalo/buffalo-plugins"
  packages = [
    "plugins",
    "plugins/plugdeps",
  ]
  pruneopts = "UT"
  revision = "69f3d62dac4196808a821b63b783789d30aadffc"
  version = "v1.13.1"

[[projects]]
  digest = "1:5b33a8ff87888677489ba612c8aa1bf06500b087f1397a4732b7a0298f6d5f8a"
  name = "github.com/gobuffalo/envy"
  packages = ["."]
  pruneopts = "UT"
  revision = "fa0dfdc10b5366ce365b7d9d1755a03e4e797bc5"
  version = "v1.6.15"

[[projects]]
  digest = "1:2637749e262a2b880b925752dc7416992c33baede48df061f3aaed5efe6d2974"
  name = "github.com/gobuffalo/events"
  packages = ["."]
  pruneopts = "UT"
  revision = "7405490b2bb796f2d6aaea94f4c8692e67aa7086"
  version = "v1.2.0"

[[projects]]
  digest = "1:e90602c17dd4ed777bb86312fcb16f5b13419ecec51b89a3ed6ced109a371def"
  name = "github.com/gobuffalo/flect"
  packages = [
    ".",
    "name",
  ]
  pruneopts = "UT"
  revision = "d4fc286952bf96d0262a67b482e234613ae36f59"
  version = "v0.1.0"

[[projects]]
  branch = "master"
  digest = "1:69b3e92f9a336a7dc054d933be034146a12d746e5d1e26cce50825b429b45811"
  name = "github.com/gobuffalo/genny"
  packages = ["."]
  pruneopts = "UT"
  revision = "c950828063420c665a1d418b75936fe5097d1684"

[[projects]]
  branch = "master"
  digest = "1:dc130f588a7371c22c474aeed6b662e2de311153a66422e1207f59e9c23f763f"
  name = "github.com/gobuffalo/gogen"
  packages = [
    ".",
    "goimports",
    "gomods",
  ]
  pruneopts = "UT"
  revision = "1c6076128bbc66ac8068c0c685f0848287b7c360"

[[projects]]
  branch = "master"
  digest = "1:ed45ebb9e9ed6696a4eae0b964e4e696e0022ac4ccff5d25e97dea2566b35a56"
  name = "github.com/gobuffalo/logger"
  packages = ["."]
  pruneopts = "UT"
  revision = "be78ebfea0fa04f089e4fab7d3388315dbe89a0a"

[[projects]]
  digest = "1:4f8c1fa9aeaaf6c601fc0961ec6f63bf4c72f6092de72a76c8f9c719585aaf63"
  name = "github.com/gobuffalo/mapi"
  packages = ["."]
  pruneopts = "UT"
  revision = "09ac528b16b7e871fe0f14d4867a07820a30a14b"
  version = "v1.0.1"

[[projects]]
  branch = "master"
  digest = "1:4a678ae89930955068891bf0899c406660a51a47fa9a82178da903eb966d2709"
  name = "github.com/gobuffalo/meta"
  packages = ["."]
  pruneopts = "UT"
  revision = "50a99e08b8cf340b099048d2ad70bf525f2e16a7"

[[projects]]
  branch = "master"
  digest = "1:5ad58eea047f705cbbc07da1b7a5d0e4a6cf4e5aed1880e75795dce9fdceac75"
  name = "github.com/gobuffalo/packd"
  packages = ["."]
  pruneopts = "UT"
  revision = "d04dd98aca5b9aa7ca7c36ee639a21bcc69de32a"

[[projects]]
  digest = "1:84d1d205888c2f666c0a4d489e2a6e66c39fe8fd8bfd118c51b81f80230be51b"
  name = "github.com/gobuffalo/packr"
  packages = [
    "v2",
    "v2/file",
    "v2/file/resolver",
    "v2/file/resolver/encoding/hex",
    "v2/jam/parser",
    "v2/plog",
  ]
  pruneopts = "UT"
  revision = "cef464b1513d9b6cf3d4ad6d6983a716e048e89d"
  version = "v2.1.0"

[[projects]]
  branch = "master"
  digest = "1:b90ac64448d67ef218124185a8524f3c665fb7f51f096d5dd51ce950a1775d89"
  name = "github.com/gobuffalo/syncx"
  packages = ["."]
  pruneopts = "UT"
  revision = "33c29581e754bd354236e977dfe426e55331c45d"

[[projects]]
  digest = "1:318f1c959a8a740366fce4b1e1eb2fd914036b4af58fbd0a003349b305f118ad"
  name = "github.com/golang/protobuf"
  packages = ["proto"]
  pruneopts = "UT"
  revision = "c823c79ea1570fb5ff454033735a8e68575d1d0f"
  version = "v1.3.0"

[[projects]]
  digest = "1:664d37ea261f0fc73dd17f4a1f5f46d01fbb0b0d75f6375af064824424109b7d"
  name = "github.com/gorilla/handlers"
  packages = ["."]
  pruneopts = "UT"
  revision = "7e0847f9db758cdebd26c149d0ae9d5d0b9c98ce"
  version = "v1.4.0"

[[projects]]
  digest = "1:ca59b1175189b3f0e9f1793d2c350114be36eaabbe5b9f554b35edee1de50aea"
  name = "github.com/gorilla/mux"
  packages = ["."]
  pruneopts = "UT"
  revision = "a7962380ca08b5a188038c69871b8d3fbdf31e89"
  version = "v1.7.0"

[[projects]]
  digest = "1:c0d19ab64b32ce9fe5cf4ddceba78d5bc9807f0016db6b1183599da3dcc24d10"
  name = "github.com/hashicorp/hcl"
  packages = [
    ".",
    "hcl/ast",
    "hcl/parser",
    "hcl/printer",
    "hcl/scanner",
    "hcl/strconv",
    "hcl/token",
    "json/parser",
    "json/scanner",
    "json/token",
  ]
  pruneopts = "UT"
  revision = "8cb6e5b959231cc1119e43259c4a608f9c51a241"
  version = "v1.0.0"

[[projects]]
  digest = "1:870d441fe217b8e689d7949fef6e43efbc787e50f200cb1e70dbca9204a1d6be"
  name = "github.com/inconshreveable/mousetrap"
  packages = ["."]
  pruneopts = "UT"
  revision = "76626ae9c91c4f2a10f34cad8ce83ea42c93bb75"
  version = "v1.0"

[[projects]]
  digest = "1:ecd9aa82687cf31d1585d4ac61d0ba180e42e8a6182b85bd785fcca8dfeefc1b"
  name = "github.com/joho/godotenv"
  packages = ["."]
  pruneopts = "UT"
  revision = "23d116af351c84513e1946b527c88823e476be13"
  version = "v1.3.0"

[[projects]]
  digest = "1:3e551bbb3a7c0ab2a2bf4660e7fcad16db089fdcfbb44b0199e62838038623ea"
  name = "github.com/json-iterator/go"
  packages = ["."]
  pruneopts = "UT"
  revision = "1624edc4454b8682399def8740d46db5e4362ba4"
  version = "v1.1.5"

[[projects]]
  digest = "1:38d2e838817528fd7d1ccdf7fa6700ee0f1727b3c484d13cab54bfbdaab12b0e"
  name = "github.com/karrick/godirwalk"
  packages = ["."]
  pruneopts = "UT"
  revision = "6d1c7760ec857d2984abe0a23fa263877f50d3f0"
  version = "v1.8.0"

[[projects]]
  digest = "1:31e761d97c76151dde79e9d28964a812c46efc5baee4085b86f68f0c654450de"
  name = "github.com/konsorten/go-windows-terminal-sequences"
  packages = ["."]
  pruneopts = "UT"
  revision = "f55edac94c9bbba5d6182a4be46d86a2c9b5b50e"
  version = "v1.0.2"

[[projects]]
  digest = "1:c568d7727aa262c32bdf8a3f7db83614f7af0ed661474b24588de635c20024c7"
  name = "github.com/magiconair/properties"
  packages = ["."]
  pruneopts = "UT"
  revision = "c2353362d570a7bfa228149c62842019201cfb71"
  version = "v1.8.0"

[[projects]]
  branch = "master"
  digest = "1:5bf23f15fd4550fa19e9fbc8e9fd2e254444a01f4644ad835b5389d1f7d91077"
  name = "github.com/mailru/easyjson"
  packages = [
    ".",
    "buffer",
    "jlexer",
    "jwriter",
  ]
  pruneopts = "UT"
  revision = "6243d8e04c3f819e79757e8bc3faa15c3cb27003"

[[projects]]
  branch = "master"
  digest = "1:6e2ed1bdbf1d14b4d0be58bcd3f1c3000c1e226964354457b8e6ca69e83a1cbb"
  name = "github.com/markbates/oncer"
  packages = ["."]
  pruneopts = "UT"
  revision = "bf2de49a0be218916e69a11d22866e6cd0a560f2"

[[projects]]
  digest = "1:28687e854cec240942c103259668b132a8450b05a6cc677eea2282b26ae29310"
  name = "github.com/markbates/safe"
  packages = ["."]
  pruneopts = "UT"
  revision = "6fea05a5732486546a4836b7a1d596c5ec687b98"
  version = "v1.0.1"

[[projects]]
  digest = "1:53bc4cd4914cd7cd52139990d5170d6dc99067ae31c56530621b18b35fc30318"
  name = "github.com/mitchellh/mapstructure"
  packages = ["."]
  pruneopts = "UT"
  revision = "3536a929edddb9a5b34bd6861dc4a9647cb459fe"
  version = "v1.1.2"

[[projects]]
  digest = "1:33422d238f147d247752996a26574ac48dcf472976eda7f5134015f06bf16563"
  name = "github.com/modern-go/concurrent"
  packages = ["."]
  pruneopts = "UT"
  revision = "bacd9c7ef1dd9b15be4a9909b8ac7a4e313eec94"
  version = "1.0.3"

[[projects]]
  digest = "1:e32bdbdb7c377a07a9a46378290059822efdce5c8d96fe71940d87cb4f918855"
  name = "github.com/modern-go/reflect2"
  packages = ["."]
  pruneopts = "UT"
  revision = "4b7aa43c6742a2c18fdef89dd197aaae7dac7ccd"
  version = "1.0.1"

[[projects]]
  digest = "1:48429f79481359004502ec0cec84a3c1b961b3c0cb136c1ccd36d96d31b65957"
  name = "github.com/oipwg/oip"
  packages = [
    "btc",
    "config",
    "datastore",
    "events",
    "filters",
    "flo",
    "httpapi",
    "modules",
    "modules/alexandriaMedia",
    "modules/aternaLove",
    "modules/floDataDump",
    "modules/flotorizer",
    "modules/historian",
    "modules/oip",
    "modules/oip041",
    "modules/oip042",
    "modules/oip042/validators",
    "modules/tZero",
    "sync",
    "version",
  ]
  pruneopts = "UT"
  revision = "8a78fb9de9dc201d3443f909f40e293c56dbe807"
  version = "20190404-8a78fb9"

[[projects]]
  digest = "1:51f610491a1d9df09b62887d409e0f79825f33e57a571d258ec908f679c8a2c3"
  name = "github.com/olivere/elastic"
  packages = [
    "config",
    "uritemplates",
  ]
  pruneopts = "UT"
  revision = "407a1d940dcc89e279c579eb393d0bdde8fd9ac4"
  version = "v6.2.16"

[[projects]]
  digest = "1:95741de3af260a92cc5c7f3f3061e85273f5a81b5db20d4bd68da74bd521675e"
  name = "github.com/pelletier/go-toml"
  packages = ["."]
  pruneopts = "UT"
  revision = "c01d1270ff3e442a8a57cddc1c92dc1138598194"
  version = "v1.2.0"

[[projects]]
  digest = "1:cf31692c14422fa27c83a05292eb5cbe0fb2775972e8f1f8446a71549bd8980b"
  name = "github.com/pkg/errors"
  packages = ["."]
  pruneopts = "UT"
  revision = "ba968bfe8b2f7e042a574c888954fccecfa385b4"
  version = "v0.8.1"

[[projects]]
  digest = "1:e09ada96a5a41deda4748b1659cc8953961799e798aea557257b56baee4ecaf3"
  name = "github.com/rogpeppe/go-internal"
  packages = [
    "modfile",
    "module",
    "semver",
  ]
  pruneopts = "UT"
  revision = "1cf9852c553c5b7da2d5a4a091129a7822fed0c9"
  version = "v1.2.2"

[[projects]]
  digest = "1:b0c25f00bad20d783d259af2af8666969e2fc343fa0dc9efe52936bbd67fb758"
  name = "github.com/rs/cors"
  packages = ["."]
  pruneopts = "UT"
  revision = "9a47f48565a795472d43519dd49aac781f3034fb"
  version = "v1.6.0"

[[projects]]
  digest = "1:87c2e02fb01c27060ccc5ba7c5a407cc91147726f8f40b70cceeedbc52b1f3a8"
  name = "github.com/sirupsen/logrus"
  packages = ["."]
  pruneopts = "UT"
  revision = "e1e72e9de974bd926e5c56f83753fba2df402ce5"
  version = "v1.3.0"

[[projects]]
  digest = "1:3e39bafd6c2f4bf3c76c3bfd16a2e09e016510ad5db90dc02b88e2f565d6d595"
  name = "github.com/spf13/afero"
  packages = [
    ".",
    "mem",
  ]
  pruneopts = "UT"
  revision = "f4711e4db9e9a1d3887343acb72b2bbfc2f686f5"
  version = "v1.2.1"

[[projects]]
  digest = "1:08d65904057412fc0270fc4812a1c90c594186819243160dc779a402d4b6d0bc"
  name = "github.com/spf13/cast"
  packages = ["."]
  pruneopts = "UT"
  revision = "8c9545af88b134710ab1cd196795e7f2388358d7"
  version = "v1.3.0"

[[projects]]
  digest = "1:645cabccbb4fa8aab25a956cbcbdf6a6845ca736b2c64e197ca7cbb9d210b939"
  name = "github.com/spf13/cobra"
  packages = ["."]
  pruneopts = "UT"
  revision = "ef82de70bb3f60c65fb8eebacbb2d122ef517385"
  version = "v0.0.3"

[[projects]]
  digest = "1:68ea4e23713989dc20b1bded5d9da2c5f9be14ff9885beef481848edd18c26cb"
  name = "github.com/spf13/jwalterweatherman"
  packages = ["."]
  pruneopts = "UT"
  revision = "4a4406e478ca629068e7768fc33f3f044173c0a6"
  version = "v1.0.0"

[[projects]]
  digest = "1:c1b1102241e7f645bc8e0c22ae352e8f0dc6484b6cb4d132fa9f24174e0119e2"
  name = "github.com/spf13/pflag"
  packages = ["."]
  pruneopts = "UT"
  revision = "298182f68c66c05229eb03ac171abe6e309ee79a"
  version = "v1.0.3"

[[projects]]
  digest = "1:de37e343c64582d7026bf8ab6ac5b22a72eac54f3a57020db31524affed9f423"
  name = "github.com/spf13/viper"
  packages = ["."]
  pruneopts = "UT"
  revision = "6d33b5a963d922d182c91e8a1c88d81fd150cfd4"
  version = "v1.3.1"

[[projects]]
  branch = "master"
  digest = "1:c98fb8cf7225236e5481a4db899b68ed49bb7705708157f5cfdfb9a3c9a84d6d"
  name = "golang.org/x/crypto"
  packages = [
    "pbkdf2",
    "ripemd160",
    "scrypt",
    "ssh/terminal",
  ]
  pruneopts = "UT"
  revision = "215aa809caaf1f5be699aef5e3ccebeb15d67b0b"

[[projects]]
  branch = "master"
  digest = "1:80200f57d482f61334a482a046ddedbad77c04dbec6ab81a4e1b3c6adbdfadef"
  name = "golang.org/x/sys"
  packages = [
    "unix",
    "windows",
  ]
  pruneopts = "UT"
  revision = "775f8194d0f9e65c46913c7be783d3d95a29333c"

[[projects]]
  digest = "1:8029e9743749d4be5bc9f7d42ea1659471767860f0cdc34d37c3111bd308a295"
  name = "golang.org/x/text"
  packages = [
    "internal/gen",
    "internal/triegen",
    "internal/ucd",
    "transform",
    "unicode/cldr",
    "unicode/norm",
  ]
  pruneopts = "UT"
  revision = "f21a4dfb5e38f5895301dc265a8def02365cc3d0"
  version = "v0.3.0"

[[projects]]
  branch = "master"
  digest = "1:e46d8e20161401a9cf8765dfa428494a3492a0b56fe114156b7da792bf41ba78"
  name = "golang.org/x/tools"
  packages = [
    "go/ast/astutil",
    "go/gcexportdata",
    "go/internal/cgo",
    "go/internal/gcimporter",
    "go/internal/packagesdriver",
    "go/packages",
    "go/types/typeutil",
    "imports",
    "internal/fastwalk",
    "internal/gopathwalk",
    "internal/module",
    "internal/semver",
  ]
  pruneopts = "UT"
  revision = "8dcc6e70cdefe9a82236b6e195e4f4e2108fcb9f"

[[projects]]
  digest = "1:8ba4fd53e3fc457baa11583d02e1990a389ff85f7b5061c70c6f95bc382e565c"
  name = "gopkg.in/olivere/elastic.v6"
  packages = ["."]
  pruneopts = "UT"
  revision = "407a1d940dcc89e279c579eb393d0bdde8fd9ac4"
  version = "v6.2.16"

[[projects]]
  digest = "1:4d2e5a73dc1500038e504a8d78b986630e3626dc027bc030ba5c75da257cdb96"
  name = "gopkg.in/yaml.v2"
  packages = ["."]
  pruneopts = "UT"
  revision = "51d6538a90f86fe93ac480b35f37b2be17fef232"
  version = "v2.2.2"

[solve-meta]
  analyzer-name = "dep"
  analyzer-version = 1
  input-imports = [
    "github.com/asaskevich/EventBus",
    "github.com/azer/logger",
    "github.com/bitspill/flod/chaincfg",
    "github.com/bitspill/flod/chaincfg/chainhash",
    "github.com/bitspill/flod/flojson",
    "github.com/bitspill/flod/rpcclient",
    "github.com/bitspill/flod/wire",
    "github.com/bitspill/flosig",
    "github.com/bitspill/floutil",
    "github.com/bitspill/oipProto/go/oipProto",
    "github.com/cloudflare/backoff",
    "github.com/davecgh/go-spew/spew",
    "github.com/dustin/go-humanize",
    "github.com/gobuffalo/packr/v2",
    "github.com/golang/protobuf/proto",
    "github.com/gorilla/handlers",
    "github.com/gorilla/mux",
    "github.com/json-iterator/go",
    "github.com/oipwg/oip/btc",
    "github.com/oipwg/oip/config",
    "github.com/oipwg/oip/datastore",
    "github.com/oipwg/oip/events",
    "github.com/oipwg/oip/filters",
    "github.com/oipwg/oip/flo",
    "github.com/oipwg/oip/httpapi",
    "github.com/oipwg/oip/modules",
    "github.com/oipwg/oip/modules/alexandriaMedia",
    "github.com/oipwg/oip/modules/aternaLove",
    "github.com/oipwg/oip/modules/floDataDump",
    "github.com/oipwg/oip/modules/flotorizer",
    "github.com/oipwg/oip/modules/historian",
    "github.com/oipwg/oip/modules/oip",
    "github.com/oipwg/oip/modules/oip041",
    "github.com/oipwg/oip/modules/oip042",
    "github.com/oipwg/oip/modules/oip042/validators",
    "github.com/oipwg/oip/modules/tZero",
    "github.com/oipwg/oip/sync",
    "github.com/oipwg/oip/version",
    "github.com/pkg/errors",
    "github.com/rs/cors",
    "github.com/spf13/pflag",
    "github.com/spf13/viper",
    "gopkg.in/olivere/elastic.v6",
  ]
  solver-name = "gps-cdcl"
  solver-version = 1
